{
  "requires": true,
  "lockfileVersion": 1,
  "dependencies": {
    "@emmetio/extract-abbreviation": {
      "version": "0.1.6",
      "resolved": "https://registry.npmjs.org/@emmetio/extract-abbreviation/-/extract-abbreviation-0.1.6.tgz",
      "integrity": "sha512-Ce3xE2JvTSEbASFbRbA1gAIcMcZWdS2yUYRaQbeM0nbOzaZrUYfa3ePtcriYRZOZmr+CkKA+zbjhvTpIOAYVcw=="
    },
    "coc-emmet": {
      "version": "1.1.6",
      "resolved": "https://registry.npmjs.org/coc-emmet/-/coc-emmet-1.1.6.tgz",
      "integrity": "sha512-lvHA9iSgU/46Iw7E14tSP+Hh1e6STYUegqTBGDPQ/9L9JOicE2USqwuo2y5cbslc2RQqv3EdUIr9nQf0T725mQ==",
      "requires": {
        "vscode-emmet-helper": "^1.2.15"
      }
    },
    "jsonc-parser": {
      "version": "1.0.3",
      "resolved": "https://registry.npmjs.org/jsonc-parser/-/jsonc-parser-1.0.3.tgz",
      "integrity": "sha512-hk/69oAeaIzchq/v3lS50PXuzn5O2ynldopMC+SWBql7J2WtdptfB9dy8Y7+Og5rPkTCpn83zTiO8FMcqlXJ/g=="
    },
    "vscode-emmet-helper": {
      "version": "1.2.17",
      "resolved": "https://registry.npmjs.org/vscode-emmet-helper/-/vscode-emmet-helper-1.2.17.tgz",
      "integrity": "sha512-X4pzcrJ8dE7M3ArFuySF5fgipKDd/EauXkiJwtjBIVRWpVNq0tF9+lNCyuC7iDUwP3Oq7ow/TGssD3GdG96Jow==",
      "requires": {
        "@emmetio/extract-abbreviation": "0.1.6",
        "jsonc-parser": "^1.0.0",
        "vscode-languageserver-types": "^3.6.0-next.1"
      }
    },
    "vscode-languageserver-types": {
      "version": "3.17.2",
      "resolved": "https://registry.npmjs.org/vscode-languageserver-types/-/vscode-languageserver-types-3.17.2.tgz",
      "integrity": "sha512-zHhCWatviizPIq9B7Vh9uvrH6x3sK8itC84HkamnBWoDFJtzBf7SWlpLCZUit72b3os45h6RWQNC9xHRDF8dRA=="
    }
  }
}
